
Microsoft Visual Studio Solution File, Format Version 12.00
# Visual Studio Version 17
VisualStudioVersion = 17.3.32804.467
MinimumVisualStudioVersion = 10.0.40219.1
Project("{FAE04EC0-301F-11D3-BF4B-00C04F79EFBC}") = "MyDictionary_Gun4", "MyDictionary_Gun4\MyDictionary_Gun4.csproj", "{EEE47535-EA9C-42A7-BD59-571FEE095E39}"
EndProject
Global
	GlobalSection(SolutionConfigurationPlatforms) = preSolution
		Debug|Any CPU = Debug|Any CPU
		Release|Any CPU = Release|Any CPU
	EndGlobalSection
	GlobalSection(ProjectConfigurationPlatforms) = postSolution
		{EEE47535-EA9C-42A7-BD59-571FEE095E39}.Debug|Any CPU.ActiveCfg = Debug|Any CPU
		{EEE47535-EA9C-42A7-BD59-571FEE095E39}.Debug|Any CPU.Build.0 = Debug|Any CPU
		{EEE47535-EA9C-42A7-BD59-571FEE095E39}.Release|Any CPU.ActiveCfg = Release|Any CPU
		{EEE47535-EA9C-42A7-BD59-571FEE095E39}.Release|Any CPU.Build.0 = Release|Any CPU
	EndGlobalSection
	GlobalSection(SolutionProperties) = preSolution
		HideSolutionNode = FALSE
	EndGlobalSection
	GlobalSection(ExtensibilityGlobals) = postSolution
		SolutionGuid = {33414F3A-85A9-44D8-9E73-D0307510EBD1}
	EndGlobalSection
EndGlobal
